// !$*UTF8*$!
{
	archiveVersion = 1;
	classes = {
	};
	objectVersion = 55;
	objects = {

/* Begin PBXBuildFile section */
		A10982A9267A67C500208120 /* ActivityCreationView.swift in Sources */ = {isa = PBXBuildFile; fileRef = A10982A8267A67C500208120 /* ActivityCreationView.swift */; };
		A1321BA8267A9D3300169DE6 /* ActivityNameEntryView.swift in Sources */ = {isa = PBXBuildFile; fileRef = A1321BA7267A9D3300169DE6 /* ActivityNameEntryView.swift */; };
		A1E4649A26794769008A3868 /* SwiftUIScratchPadApp.swift in Sources */ = {isa = PBXBuildFile; fileRef = A1E4649926794769008A3868 /* SwiftUIScratchPadApp.swift */; };
		A1E4649C26794769008A3868 /* ActivitiesView.swift in Sources */ = {isa = PBXBuildFile; fileRef = A1E4649B26794769008A3868 /* ActivitiesView.swift */; };
		A1E4649E2679476B008A3868 /* Assets.xcassets in Resources */ = {isa = PBXBuildFile; fileRef = A1E4649D2679476B008A3868 /* Assets.xcassets */; };
		A1E464A12679476B008A3868 /* Preview Assets.xcassets in Resources */ = {isa = PBXBuildFile; fileRef = A1E464A02679476B008A3868 /* Preview Assets.xcassets */; };
		A1E464AD26794A12008A3868 /* ActivityFetcher.swift in Sources */ = {isa = PBXBuildFile; fileRef = A1E464AC26794A12008A3868 /* ActivityFetcher.swift */; };
		A1E464B126794DC7008A3868 /* Activity.swift in Sources */ = {isa = PBXBuildFile; fileRef = A1E464B026794DC7008A3868 /* Activity.swift */; };
/* End PBXBuildFile section */

/* Begin PBXFileReference section */
		A10982A8267A67C500208120 /* ActivityCreationView.swift */ = {isa = PBXFileReference; lastKnownFileType = sourcecode.swift; path = ActivityCreationView.swift; sourceTree = "<group>"; };
		A1321BA7267A9D3300169DE6 /* ActivityNameEntryView.swift */ = {isa = PBXFileReference; lastKnownFileType = sourcecode.swift; path = ActivityNameEntryView.swift; sourceTree = "<group>"; };
		A1E4649626794769008A3868 /* SwiftUIScratchPad.app */ = {isa = PBXFileReference; explicitFileType = wrapper.application; includeInIndex = 0; path = SwiftUIScratchPad.app; sourceTree = BUILT_PRODUCTS_DIR; };
		A1E4649926794769008A3868 /* SwiftUIScratchPadApp.swift */ = {isa = PBXFileReference; lastKnownFileType = sourcecode.swift; path = SwiftUIScratchPadApp.swift; sourceTree = "<group>"; };
		A1E4649B26794769008A3868 /* ActivitiesView.swift */ = {isa = PBXFileReference; lastKnownFileType = sourcecode.swift; path = ActivitiesView.swift; sourceTree = "<group>"; };
		A1E4649D2679476B008A3868 /* Assets.xcassets */ = {isa = PBXFileReference; lastKnownFileType = folder.assetcatalog; path = Assets.xcassets; sourceTree = "<group>"; };
		A1E464A02679476B008A3868 /* Preview Assets.xcassets */ = {isa = PBXFileReference; lastKnownFileType = folder.assetcatalog; path = "Preview Assets.xcassets"; sourceTree = "<group>"; };
		A1E464AC26794A12008A3868 /* ActivityFetcher.swift */ = {isa = PBXFileReference; lastKnownFileType = sourcecode.swift; path = ActivityFetcher.swift; sourceTree = "<group>"; };
		A1E464B026794DC7008A3868 /* Activity.swift */ = {isa = PBXFileReference; lastKnownFileType = sourcecode.swift; path = Activity.swift; sourceTree = "<group>"; };
/* End PBXFileReference section */

/* Begin PBXFrameworksBuildPhase section */
		A1E4649326794769008A3868 /* Frameworks */ = {
			isa = PBXFrameworksBuildPhase;
			buildActionMask = 2147483647;
			files = (
			);
			runOnlyForDeploymentPostprocessing = 0;
		};
/* End PBXFrameworksBuildPhase section */

/* Begin PBXGroup section */
		A1749F7D267AAAA4005A33D9 /* UI */ = {
			isa = PBXGroup;
			children = (
				A1E4649B26794769008A3868 /* ActivitiesView.swift */,
				A10982A8267A67C500208120 /* ActivityCreationView.swift */,
				A1321BA7267A9D3300169DE6 /* ActivityNameEntryView.swift */,
			);
			path = UI;
			sourceTree = "<group>";
		};
		A1749F7E267AAAAD005A33D9 /* Model */ = {
			isa = PBXGroup;
			children = (
				A1E464B026794DC7008A3868 /* Activity.swift */,
			);
			path = Model;
			sourceTree = "<group>";
		};
		A1749F7F267AAAB5005A33D9 /* Controllers */ = {
			isa = PBXGroup;
			children = (
				A1E464AC26794A12008A3868 /* ActivityFetcher.swift */,
			);
			path = Controllers;
			sourceTree = "<group>";
		};
		A1E4648D26794769008A3868 = {
			isa = PBXGroup;
			children = (
				A1E4649826794769008A3868 /* SwiftUIScratchPad */,
				A1E4649726794769008A3868 /* Products */,
			);
			sourceTree = "<group>";
		};
		A1E4649726794769008A3868 /* Products */ = {
			isa = PBXGroup;
			children = (
				A1E4649626794769008A3868 /* SwiftUIScratchPad.app */,
			);
			name = Products;
			sourceTree = "<group>";
		};
		A1E4649826794769008A3868 /* SwiftUIScratchPad */ = {
			isa = PBXGroup;
			children = (
				A1E4649926794769008A3868 /* SwiftUIScratchPadApp.swift */,
				A1749F7D267AAAA4005A33D9 /* UI */,
				A1749F7F267AAAB5005A33D9 /* Controllers */,
				A1749F7E267AAAAD005A33D9 /* Model */,
				A1E4649D2679476B008A3868 /* Assets.xcassets */,
				A1E4649F2679476B008A3868 /* Preview Content */,
			);
			path = SwiftUIScratchPad;
			sourceTree = "<group>";
		};
		A1E4649F2679476B008A3868 /* Preview Content */ = {
			isa = PBXGroup;
			children = (
				A1E464A02679476B008A3868 /* Preview Assets.xcassets */,
			);
			path = "Preview Content";
			sourceTree = "<group>";
		};
/* End PBXGroup section */

/* Begin PBXNativeTarget section */
		A1E4649526794769008A3868 /* SwiftUIScratchPad */ = {
			isa = PBXNativeTarget;
			buildConfigurationList = A1E464A92679476B008A3868 /* Build configuration list for PBXNativeTarget "SwiftUIScratchPad" */;
			buildPhases = (
				A1E4649226794769008A3868 /* Sources */,
				A1E4649326794769008A3868 /* Frameworks */,
				A1E4649426794769008A3868 /* Resources */,
			);
			buildRules = (
			);
			dependencies = (
			);
			name = SwiftUIScratchPad;
			productName = SwiftUIScratchPad;
			productReference = A1E4649626794769008A3868 /* SwiftUIScratchPad.app */;
			productType = "com.apple.product-type.application";
		};
/* End PBXNativeTarget section */

/* Begin PBXProject section */
		A1E4648E26794769008A3868 /* Project object */ = {
			isa = PBXProject;
			attributes = {
				BuildIndependentTargetsInParallel = 1;
				LastSwiftUpdateCheck = 1300;
				LastUpgradeCheck = 1300;
				TargetAttributes = {
					A1E4649526794769008A3868 = {
						CreatedOnToolsVersion = 13.0;
					};
				};
			};
			buildConfigurationList = A1E4649126794769008A3868 /* Build configuration list for PBXProject "SwiftUIScratchPad" */;
			compatibilityVersion = "Xcode 13.0";
			developmentRegion = en;
			hasScannedForEncodings = 0;
			knownRegions = (
				en,
				Base,
			);
			mainGroup = A1E4648D26794769008A3868;
			productRefGroup = A1E4649726794769008A3868 /* Products */;
			projectDirPath = "";
			projectRoot = "";
			targets = (
				A1E4649526794769008A3868 /* SwiftUIScratchPad */,
			);
		};
/* End PBXProject section */

/* Begin PBXResourcesBuildPhase section */
		A1E4649426794769008A3868 /* Resources */ = {
			isa = PBXResourcesBuildPhase;
			buildActionMask = 2147483647;
			files = (
				A1E464A12679476B008A3868 /* Preview Assets.xcassets in Resources */,
				A1E4649E2679476B008A3868 /* Assets.xcassets in Resources */,
			);
			runOnlyForDeploymentPostprocessing = 0;
		};
/* End PBXResourcesBuildPhase section */

/* Begin PBXSourcesBuildPhase section */
		A1E4649226794769008A3868 /* Sources */ = {
			isa = PBXSourcesBuildPhase;
			buildActionMask = 2147483647;
			files = (
				A1E464AD26794A12008A3868 /* ActivityFetcher.swift in Sources */,
				A10982A9267A67C500208120 /* ActivityCreationView.swift in Sources */,
				A1E4649C26794769008A3868 /* ActivitiesView.swift in Sources */,
				A1321BA8267A9D3300169DE6 /* ActivityNameEntryView.swift in Sources */,
				A1E464B126794DC7008A3868 /* Activity.swift in Sources */,
				A1E4649A26794769008A3868 /* SwiftUIScratchPadApp.swift in Sources */,
			);
			runOnlyForDeploymentPostprocessing = 0;
		};
/* End PBXSourcesBuildPhase section */

/* Begin XCBuildConfiguration section */
		A1E464A72679476B008A3868 /* Debug */ = {
			isa = XCBuildConfiguration;
			buildSettings = {
				ALWAYS_SEARCH_USER_PATHS = NO;
				CLANG_ANALYZER_NONNULL = YES;
				CLANG_ANALYZER_NUMBER_OBJECT_CONVERSION = YES_AGGRESSIVE;
				CLANG_CXX_LANGUAGE_STANDARD = "gnu++14";
				CLANG_CXX_LIBRARY = "libc++";
				CLANG_ENABLE_MODULES = YES;
				CLANG_ENABLE_OBJC_ARC = YES;
				CLANG_ENABLE_OBJC_WEAK = YES;
				CLANG_WARN_BLOCK_CAPTURE_AUTORELEASING = YES;
				CLANG_WARN_BOOL_CONVERSION = YES;
				CLANG_WARN_COMMA = YES;
				CLANG_WARN_CONSTANT_CONVERSION = YES;
				CLANG_WARN_DEPRECATED_OBJC_IMPLEMENTATIONS = YES;
				CLANG_WARN_DIRECT_OBJC_ISA_USAGE = YES_ERROR;
				CLANG_WARN_DOCUMENTATION_COMMENTS = YES;
				CLANG_WARN_EMPTY_BODY = YES;
				CLANG_WARN_ENUM_CONVERSION = YES;
				CLANG_WARN_INFINITE_RECURSION = YES;
				CLANG_WARN_INT_CONVERSION = YES;
				CLANG_WARN_NON_LITERAL_NULL_CONVERSION = YES;
				CLANG_WARN_OBJC_IMPLICIT_RETAIN_SELF = YES;
				CLANG_WARN_OBJC_LITERAL_CONVERSION = YES;
				CLANG_WARN_OBJC_ROOT_CLASS = YES_ERROR;
				CLANG_WARN_QUOTED_INCLUDE_IN_FRAMEWORK_HEADER = YES;
				CLANG_WARN_RANGE_LOOP_ANALYSIS = YES;
				CLANG_WARN_STRICT_PROTOTYPES = YES;
				CLANG_WARN_SUSPICIOUS_MOVE = YES;
				CLANG_WARN_UNGUARDED_AVAILABILITY = YES_AGGRESSIVE;
				CLANG_WARN_UNREACHABLE_CODE = YES;
				CLANG_WARN__DUPLICATE_METHOD_MATCH = YES;
				COPY_PHASE_STRIP = NO;
				DEBUG_INFORMATION_FORMAT = dwarf;
				ENABLE_STRICT_OBJC_MSGSEND = YES;
				ENABLE_TESTABILITY = YES;
				GCC_C_LANGUAGE_STANDARD = gnu11;
				GCC_DYNAMIC_NO_PIC = NO;
				GCC_NO_COMMON_BLOCKS = YES;
				GCC_OPTIMIZATION_LEVEL = 0;
				GCC_PREPROCESSOR_DEFINITIONS = (
					"DEBUG=1",
					"$(inherited)",
				);
				GCC_WARN_64_TO_32_BIT_CONVERSION = YES;
				GCC_WARN_ABOUT_RETURN_TYPE = YES_ERROR;
				GCC_WARN_UNDECLARED_SELECTOR = YES;
				GCC_WARN_UNINITIALIZED_AUTOS = YES_AGGRESSIVE;
				GCC_WARN_UNUSED_FUNCTION = YES;
				GCC_WARN_UNUSED_VARIABLE = YES;
				IPHONEOS_DEPLOYMENT_TARGET = 15.0;
				MTL_ENABLE_DEBUG_INFO = INCLUDE_SOURCE;
				MTL_FAST_MATH = YES;
				ONLY_ACTIVE_ARCH = YES;
				SDKROOT = iphoneos;
				SWIFT_ACTIVE_COMPILATION_CONDITIONS = DEBUG;
				SWIFT_OPTIMIZATION_LEVEL = "-Onone";
			};
			name = Debug;
		};
		A1E464A82679476B008A3868 /* Release */ = {
			isa = XCBuildConfiguration;
			buildSettings = {
				ALWAYS_SEARCH_USER_PATHS = NO;
				CLANG_ANALYZER_NONNULL = YES;
				CLANG_ANALYZER_NUMBER_OBJECT_CONVERSION = YES_AGGRESSIVE;
				CLANG_CXX_LANGUAGE_STANDARD = "gnu++14";
				CLANG_CXX_LIBRARY = "libc++";
				CLANG_ENABLE_MODULES = YES;
				CLANG_ENABLE_OBJC_ARC = YES;
				CLANG_ENABLE_OBJC_WEAK = YES;
				CLANG_WARN_BLOCK_CAPTURE_AUTORELEASING = YES;
				CLANG_WARN_BOOL_CONVERSION = YES;
				CLANG_WARN_COMMA = YES;
				CLANG_WARN_CONSTANT_CONVERSION = YES;
				CLANG_WARN_DEPRECATED_OBJC_IMPLEMENTATIONS = YES;
				CLANG_WARN_DIRECT_OBJC_ISA_USAGE = YES_ERROR;
				CLANG_WARN_DOCUMENTATION_COMMENTS = YES;
				CLANG_WARN_EMPTY_BODY = YES;
				CLANG_WARN_ENUM_CONVERSION = YES;
				CLANG_WARN_INFINITE_RECURSION = YES;
				CLANG_WARN_INT_CONVERSION = YES;
				CLANG_WARN_NON_LITERAL_NULL_CONVERSION = YES;
				CLANG_WARN_OBJC_IMPLICIT_RETAIN_SELF = YES;
				CLANG_WARN_OBJC_LITERAL_CONVERSION = YES;
				CLANG_WARN_OBJC_ROOT_CLASS = YES_ERROR;
				CLANG_WARN_QUOTED_INCLUDE_IN_FRAMEWORK_HEADER = YES;
				CLANG_WARN_RANGE_LOOP_ANALYSIS = YES;
				CLANG_WARN_STRICT_PROTOTYPES = YES;
				CLANG_WARN_SUSPICIOUS_MOVE = YES;
				CLANG_WARN_UNGUARDED_AVAILABILITY = YES_AGGRESSIVE;
				CLANG_WARN_UNREACHABLE_CODE = YES;
				CLANG_WARN__DUPLICATE_METHOD_MATCH = YES;
				COPY_PHASE_STRIP = NO;
				DEBUG_INFORMATION_FORMAT = "dwarf-with-dsym";
				ENABLE_NS_ASSERTIONS = NO;
				ENABLE_STRICT_OBJC_MSGSEND = YES;
				GCC_C_LANGUAGE_STANDARD = gnu11;
				GCC_NO_COMMON_BLOCKS = YES;
				GCC_WARN_64_TO_32_BIT_CONVERSION = YES;
				GCC_WARN_ABOUT_RETURN_TYPE = YES_ERROR;
				GCC_WARN_UNDECLARED_SELECTOR = YES;
				GCC_WARN_UNINITIALIZED_AUTOS = YES_AGGRESSIVE;
				GCC_WARN_UNUSED_FUNCTION = YES;
				GCC_WARN_UNUSED_VARIABLE = YES;
				IPHONEOS_DEPLOYMENT_TARGET = 15.0;
				MTL_ENABLE_DEBUG_INFO = NO;
				MTL_FAST_MATH = YES;
				SDKROOT = iphoneos;
				SWIFT_COMPILATION_MODE = wholemodule;
				SWIFT_OPTIMIZATION_LEVEL = "-O";
				VALIDATE_PRODUCT = YES;
			};
			name = Release;
		};
		A1E464AA2679476B008A3868 /* Debug */ = {
			isa = XCBuildConfiguration;
			buildSettings = {
				ASSETCATALOG_COMPILER_APPICON_NAME = AppIcon;
				ASSETCATALOG_COMPILER_GLOBAL_ACCENT_COLOR_NAME = AccentColor;
				CODE_SIGN_STYLE = Automatic;
				CURRENT_PROJECT_VERSION = 1;
				DEVELOPMENT_ASSET_PATHS = "\"SwiftUIScratchPad/Preview Content\"";
				DEVELOPMENT_TEAM = WK6LDT652Z;
				ENABLE_PREVIEWS = YES;
				GENERATE_INFOPLIST_FILE = YES;
				INFOPLIST_KEY_UIApplicationSceneManifest_Generation = YES;
				INFOPLIST_KEY_UIApplicationSupportsIndirectInputEvents = YES;
				INFOPLIST_KEY_UILaunchScreen_Generation = YES;
				INFOPLIST_KEY_UISupportedInterfaceOrientations_iPad = "UIInterfaceOrientationPortrait UIInterfaceOrientationPortraitUpsideDown UIInterfaceOrientationLandscapeLeft UIInterfaceOrientationLandscapeRight";
				INFOPLIST_KEY_UISupportedInterfaceOrientations_iPhone = "UIInterfaceOrientationPortrait UIInterfaceOrientationLandscapeLeft UIInterfaceOrientationLandscapeRight";
				IPHONEOS_DEPLOYMENT_TARGET = 15.0;
				LD_RUNPATH_SEARCH_PATHS = (
					"$(inherited)",
					"@executable_path/Frameworks",
				);
				MARKETING_VERSION = 1.0;
				OTHER_SWIFT_FLAGS = "";
				PRODUCT_BUNDLE_IDENTIFIER = com.PJayRushton.SwiftUIScratchPad;
				PRODUCT_NAME = "$(TARGET_NAME)";
				SWIFT_EMIT_LOC_STRINGS = YES;
				SWIFT_VERSION = 5.0;
				TARGETED_DEVICE_FAMILY = "1,2";
			};
			name = Debug;
		};
		A1E464AB2679476B008A3868 /* Release */ = {
			isa = XCBuildConfiguration;
			buildSettings = {
				ASSETCATALOG_COMPILER_APPICON_NAME = AppIcon;
				ASSETCATALOG_COMPILER_GLOBAL_ACCENT_COLOR_NAME = AccentColor;
				CODE_SIGN_STYLE = Automatic;
				CURRENT_PROJECT_VERSION = 1;
				DEVELOPMENT_ASSET_PATHS = "\"SwiftUIScratchPad/Preview Content\"";
				DEVELOPMENT_TEAM = WK6LDT652Z;
				ENABLE_PREVIEWS = YES;
				GENERATE_INFOPLIST_FILE = YES;
				INFOPLIST_KEY_UIApplicationSceneManifest_Generation = YES;
				INFOPLIST_KEY_UIApplicationSupportsIndirectInputEvents = YES;
				INFOPLIST_KEY_UILaunchScreen_Generation = YES;
				INFOPLIST_KEY_UISupportedInterfaceOrientations_iPad = "UIInterfaceOrientationPortrait UIInterfaceOrientationPortraitUpsideDown UIInterfaceOrientationLandscapeLeft UIInterfaceOrientationLandscapeRight";
				INFOPLIST_KEY_UISupportedInterfaceOrientations_iPhone = "UIInterfaceOrientationPortrait UIInterfaceOrientationLandscapeLeft UIInterfaceOrientationLandscapeRight";
				IPHONEOS_DEPLOYMENT_TARGET = 15.0;
				LD_RUNPATH_SEARCH_PATHS = (
					"$(inherited)",
					"@executable_path/Frameworks",
				);
				MARKETING_VERSION = 1.0;
				OTHER_SWIFT_FLAGS = "";
				PRODUCT_BUNDLE_IDENTIFIER = com.PJayRushton.SwiftUIScratchPad;
				PRODUCT_NAME = "$(TARGET_NAME)";
				SWIFT_EMIT_LOC_STRINGS = YES;
				SWIFT_VERSION = 5.0;
				TARGETED_DEVICE_FAMILY = "1,2";
			};
			name = Release;
		};
/* End XCBuildConfiguration section */

/* Begin XCConfigurationList section */
		A1E4649126794769008A3868 /* Build configuration list for PBXProject "SwiftUIScratchPad" */ = {
			isa = XCConfigurationList;
			buildConfigurations = (
				A1E464A72679476B008A3868 /* Debug */,
				A1E464A82679476B008A3868 /* Release */,
			);
			defaultConfigurationIsVisible = 0;
			defaultConfigurationName = Release;
		};
		A1E464A92679476B008A3868 /* Build configuration list for PBXNativeTarget "SwiftUIScratchPad" */ = {
			isa = XCConfigurationList;
			buildConfigurations = (
				A1E464AA2679476B008A3868 /* Debug */,
				A1E464AB2679476B008A3868 /* Release */,
			);
			defaultConfigurationIsVisible = 0;
			defaultConfigurationName = Release;
		};
/* End XCConfigurationList section */
	};
	rootObject = A1E4648E26794769008A3868 /* Project object */;
}
